{
  "name": "jarir-reader",
  "version": "3.0.1",
  "lockfileVersion": 3,
  "requires": true,
  "packages": {
    "": {
      "name": "jarir-reader",
      "version": "3.0.1",
      "dependencies": {
        "@tauri-apps/api": "^1.6.0",
        "@tauri-apps/plugin-dialog": "^2.0.0-rc",
        "@tauri-apps/plugin-log": "^2.0.0",
        "@tauri-apps/plugin-opener": "^2.2.6"
      },
      "devDependencies": {
        "@tauri-apps/cli": ">=2.0.0-rc.0"
      }
    },
    "node_modules/@tauri-apps/api": {
      "version": "1.6.0",
      "resolved": "https://registry.npmjs.org/@tauri-apps/api/-/api-1.6.0.tgz",
      "integrity": "sha512-rqI++FWClU5I2UBp4HXFvl+sBWkdigBkxnpJDQUWttNyG7IZP4FwQGhTNL5EOw0vI8i6eSAJ5frLqO7n7jbJdg==",
      "engines": {
        "node": ">= 14.6.0",
        "npm": ">= 6.6.0",
        "yarn": ">= 1.19.1"
      },
      "funding": {
        "type": "opencollective",
        "url": "https://opencollective.com/tauri"
      }
    },
    "node_modules/@tauri-apps/cli": {
      "version": "2.0.0-rc.16",
      "resolved": "https://registry.npmjs.org/@tauri-apps/cli/-/cli-2.0.0-rc.16.tgz",
      "integrity": "sha512-wdjZg/M3dcxiqgWG6VRnABpX0dYxRww93t0d1MYoZxFDrnyoUz5kYwFQ0v4J9u0qenEgskjoypvon7V/Nj9qrg==",
      "dev": true,
      "bin": {
        "tauri": "tauri.js"
      },
      "engines": {
        "node": ">= 10"
      },
      "funding": {
        "type": "opencollective",
        "url": "https://opencollective.com/tauri"
      },
      "optionalDependencies": {
        "@tauri-apps/cli-darwin-arm64": "2.0.0-rc.16",
        "@tauri-apps/cli-darwin-x64": "2.0.0-rc.16",
        "@tauri-apps/cli-linux-arm-gnueabihf": "2.0.0-rc.16",
        "@tauri-apps/cli-linux-arm64-gnu": "2.0.0-rc.16",
        "@tauri-apps/cli-linux-arm64-musl": "2.0.0-rc.16",
        "@tauri-apps/cli-linux-x64-gnu": "2.0.0-rc.16",
        "@tauri-apps/cli-linux-x64-musl": "2.0.0-rc.16",
        "@tauri-apps/cli-win32-arm64-msvc": "2.0.0-rc.16",
        "@tauri-apps/cli-win32-ia32-msvc": "2.0.0-rc.16",
        "@tauri-apps/cli-win32-x64-msvc": "2.0.0-rc.16"
      }
    },
    "node_modules/@tauri-apps/cli-darwin-arm64": {
      "version": "2.0.0-rc.16",
      "resolved": "https://registry.npmjs.org/@tauri-apps/cli-darwin-arm64/-/cli-darwin-arm64-2.0.0-rc.16.tgz",
      "integrity": "sha512-lISZU4gG0c9PbY7h/j/gW7nJLxZEygNBrYEET6zN8R99Znf5rSO+CfjenaMcJUUj6yTAd8gzdakRpLqNSAWegA==",
      "cpu": [
        "arm64"
      ],
      "dev": true,
      "optional": true,
      "os": [
        "darwin"
      ],
      "engines": {
        "node": ">= 10"
      }
    },
    "node_modules/@tauri-apps/cli-darwin-x64": {
      "version": "2.0.0-rc.16",
      "resolved": "https://registry.npmjs.org/@tauri-apps/cli-darwin-x64/-/cli-darwin-x64-2.0.0-rc.16.tgz",
      "integrity": "sha512-D9uxPCxpyYcTSQulJGFX3POAKPOJd8WcWHFH8x6YVM1cIx6EWRXIE1sZnPUOjFr7qCg+bSdYdr8/BFHcZGcApQ==",
      "cpu": [
        "x64"
      ],
      "dev": true,
      "optional": true,
      "os": [
        "darwin"
      ],
      "engines": {
        "node": ">= 10"
      }
    },
    "node_modules/@tauri-apps/cli-linux-arm-gnueabihf": {
      "version": "2.0.0-rc.16",
      "resolved": "https://registry.npmjs.org/@tauri-apps/cli-linux-arm-gnueabihf/-/cli-linux-arm-gnueabihf-2.0.0-rc.16.tgz",
      "integrity": "sha512-WsVdKm4D1I1XV8I9yRnmOINZRwwWfh6xcLV3m19+B9g6TohK8RkRxWfxvs3TLQlWOLQ6lo8BzS9rzXB+KtjDpg==",
      "cpu": [
        "arm"
      ],
      "dev": true,
      "optional": true,
      "os": [
        "linux"
      ],
      "engines": {
        "node": ">= 10"
      }
    },
    "node_modules/@tauri-apps/cli-linux-arm64-gnu": {
      "version": "2.0.0-rc.16",
      "resolved": "https://registry.npmjs.org/@tauri-apps/cli-linux-arm64-gnu/-/cli-linux-arm64-gnu-2.0.0-rc.16.tgz",
      "integrity": "sha512-2jpZDagNs6rrqposHJihHBayttgOl5aB2+bYiVEC6ye+haiFtmYmpdaPOaVIw+YVQs6lepf5PVrisCoU9DmYsg==",
      "cpu": [
        "arm64"
      ],
      "dev": true,
      "optional": true,
      "os": [
        "linux"
      ],
      "engines": {
        "node": ">= 10"
      }
    },
    "node_modules/@tauri-apps/cli-linux-arm64-musl": {
      "version": "2.0.0-rc.16",
      "resolved": "https://registry.npmjs.org/@tauri-apps/cli-linux-arm64-musl/-/cli-linux-arm64-musl-2.0.0-rc.16.tgz",
      "integrity": "sha512-SNEDcB+sWOls/B0a+UpUHVa/oegvlXXKYWsTxuXtgWIr5VbWG7rXLZ3fZpLLP3SpRVGTGTnABcyqshFbWSqqKQ==",
      "cpu": [
        "arm64"
      ],
      "dev": true,
      "optional": true,
      "os": [
        "linux"
      ],
      "engines": {
        "node": ">= 10"
      }
    },
    "node_modules/@tauri-apps/cli-linux-x64-gnu": {
      "version": "2.0.0-rc.16",
      "resolved": "https://registry.npmjs.org/@tauri-apps/cli-linux-x64-gnu/-/cli-linux-x64-gnu-2.0.0-rc.16.tgz",
      "integrity": "sha512-Zsq29MM1ooeH1+chQBa7ffDFnzAZebBBFdsvs4e05tS1H8gn4oKE+PSMn9p/okzVXykEk9ri2/n7BG1XFeifMA==",
      "cpu": [
        "x64"
      ],
      "dev": true,
      "optional": true,
      "os": [
        "linux"
      ],
      "engines": {
        "node": ">= 10"
      }
    },
    "node_modules/@tauri-apps/cli-linux-x64-musl": {
      "version": "2.0.0-rc.16",
      "resolved": "https://registry.npmjs.org/@tauri-apps/cli-linux-x64-musl/-/cli-linux-x64-musl-2.0.0-rc.16.tgz",
      "integrity": "sha512-g+pwSuis2YMxhJJ/pJYwp/Nps5CWvlv/5MV5UfDvClkCkeAyzIqVX+HbBLPcs5S0CePUQNeP0j4d4jBWUqZZQg==",
      "cpu": [
        "x64"
      ],
      "dev": true,
      "optional": true,
      "os": [
        "linux"
      ],
      "engines": {
        "node": ">= 10"
      }
    },
    "node_modules/@tauri-apps/cli-win32-arm64-msvc": {
      "version": "2.0.0-rc.16",
      "resolved": "https://registry.npmjs.org/@tauri-apps/cli-win32-arm64-msvc/-/cli-win32-arm64-msvc-2.0.0-rc.16.tgz",
      "integrity": "sha512-PpPqdMTwJSDAK4KnNjvh77ShSkY+7pih1f6e50EtXar8bjC17e3XcEqFhDNne5mxEVTLYhibs6p1JLPad0ZjRA==",
      "cpu": [
        "arm64"
      ],
      "dev": true,
      "optional": true,
      "os": [
        "win32"
      ],
      "engines": {
        "node": ">= 10"
      }
    },
    "node_modules/@tauri-apps/cli-win32-ia32-msvc": {
      "version": "2.0.0-rc.16",
      "resolved": "https://registry.npmjs.org/@tauri-apps/cli-win32-ia32-msvc/-/cli-win32-ia32-msvc-2.0.0-rc.16.tgz",
      "integrity": "sha512-io2yIcEcG7YLP+9n13NbilB93SjcB7jIl8GbURC4XZT4/4t9D1PWHpJr5hySVsGRLCz5e8NzwC5RlnenNzmpPQ==",
      "cpu": [
        "ia32"
      ],
      "dev": true,
      "optional": true,
      "os": [
        "win32"
      ],
      "engines": {
        "node": ">= 10"
      }
    },
    "node_modules/@tauri-apps/cli-win32-x64-msvc": {
      "version": "2.0.0-rc.16",
      "resolved": "https://registry.npmjs.org/@tauri-apps/cli-win32-x64-msvc/-/cli-win32-x64-msvc-2.0.0-rc.16.tgz",
      "integrity": "sha512-Rfkmxe3k+cBVA/kVYt8O25QrQqWKJlH9AiH7Q3C6xBzzG9PCSRMBszCp+JhBF8jhVlwNmOBv6UG+lm85kspwGg==",
      "cpu": [
        "x64"
      ],
      "dev": true,
      "optional": true,
      "os": [
        "win32"
      ],
      "engines": {
        "node": ">= 10"
      }
    },
    "node_modules/@tauri-apps/plugin-dialog": {
      "version": "2.0.0-rc.1",
      "resolved": "https://registry.npmjs.org/@tauri-apps/plugin-dialog/-/plugin-dialog-2.0.0-rc.1.tgz",
      "integrity": "sha512-H28gh6BfZtjflHQ+HrmWwunDriBI3AQLAKnMs50GA6zeNUULqbQr7VXbAAKeJL/0CmWcecID4PKXVoSlaWRhEg==",
      "dependencies": {
        "@tauri-apps/api": "^2.0.0-rc.4"
      }
    },
    "node_modules/@tauri-apps/plugin-dialog/node_modules/@tauri-apps/api": {
      "version": "2.0.0-rc.5",
      "resolved": "https://registry.npmjs.org/@tauri-apps/api/-/api-2.0.0-rc.5.tgz",
      "integrity": "sha512-JWs69pE9NsQdcqTpEVBepAZ08+jgQWuthIiTiaWRq/YlCLgnqq0KfC9sDem55uJ0YpgsytZuyj+m6b6q8oiD2g==",
      "funding": {
        "type": "opencollective",
        "url": "https://opencollective.com/tauri"
      }
    },
    "node_modules/@tauri-apps/plugin-log": {
      "version": "2.0.0",
      "resolved": "https://registry.npmjs.org/@tauri-apps/plugin-log/-/plugin-log-2.0.0.tgz",
      "integrity": "sha512-C+NII9vzswqnOQE8k7oRtnaw0z5TZsMmnirRhXkCKDEhQQH9841Us/PC1WHtGiAaJ8za1A1JB2xXndEq/47X/w==",
      "dependencies": {
        "@tauri-apps/api": "^2.0.0"
      }
    },
    "node_modules/@tauri-apps/plugin-log/node_modules/@tauri-apps/api": {
      "version": "2.0.1",
      "resolved": "https://registry.npmjs.org/@tauri-apps/api/-/api-2.0.1.tgz",
      "integrity": "sha512-eoQWT+Tq1qSwQpHV+nw1eNYe5B/nm1PoRjQCRiEOS12I1b+X4PUcREfXVX8dPcBT6GrzWGDtaecY0+1p0Rfqlw==",
      "funding": {
        "type": "opencollective",
        "url": "https://opencollective.com/tauri"
      }
    },
    "node_modules/@tauri-apps/plugin-opener": {
      "version": "2.2.6",
      "resolved": "https://registry.npmjs.org/@tauri-apps/plugin-opener/-/plugin-opener-2.2.6.tgz",
      "integrity": "sha512-bSdkuP71ZQRepPOn8BOEdBKYJQvl6+jb160QtJX/i2H9BF6ZySY/kYljh76N2Ne5fJMQRge7rlKoStYQY5Jq1w==",
      "license": "MIT OR Apache-2.0",
      "dependencies": {
        "@tauri-apps/api": "^2.0.0"
      }
    },
    "node_modules/@tauri-apps/plugin-opener/node_modules/@tauri-apps/api": {
      "version": "2.4.1",
      "resolved": "https://registry.npmjs.org/@tauri-apps/api/-/api-2.4.1.tgz",
      "integrity": "sha512-5sYwZCSJb6PBGbBL4kt7CnE5HHbBqwH+ovmOW6ZVju3nX4E3JX6tt2kRklFEH7xMOIwR0btRkZktuLhKvyEQYg==",
      "license": "Apache-2.0 OR MIT",
      "funding": {
        "type": "opencollective",
        "url": "https://opencollective.com/tauri"
      }
    }
  }
}
